{
  "name": "wwwroot",
  "version": "1.0.0",
  "lockfileVersion": 3,
  "requires": true,
  "packages": {
    "": {
      "name": "wwwroot",
      "version": "1.0.0",
      "license": "MIT",
      "dependencies": {
        "@aiursoft/uistack": "^1.0.3"
      }
    },
    "node_modules/@aiursoft/uistack": {
      "version": "1.0.3",
      "resolved": "https://npm.aiursoft.cn/@aiursoft/uistack/-/uistack-1.0.3.tgz",
      "integrity": "sha512-cMxOmHMBdLF83OaW7HnI0uTRlSH98WapL5ndk93w8kI9J14GeBefOE4l9g2v9qRNWjMeQ0Z7868TSk/eYbF0oQ==",
      "dependencies": {
        "@aiursoft/utctime.js": "^1.0.4",
        "@babel/polyfill": "7.12.1",
        "@eonasdan/tempus-dominus": "6.9.7",
        "@fortawesome/fontawesome-free": "6.5.2",
        "@popperjs/core": "2.11.8",
        "apexcharts": "3.49.1",
        "bootstrap": "5.3.3",
        "bootstrap-daterangepicker": "3.1.0",
        "chart.js": "2.9.4",
        "datatables.net": "2.0.7",
        "datatables.net-bs5": "2.0.7",
        "datatables.net-buttons": "3.0.2",
        "datatables.net-buttons-bs5": "3.0.2",
        "datatables.net-fixedheader": "4.0.1",
        "datatables.net-fixedheader-bs5": "4.0.1",
        "datatables.net-responsive": "3.0.2",
        "datatables.net-responsive-bs5": "3.0.2",
        "datatables.net-select": "2.0.2",
        "datatables.net-select-bs5": "2.0.2",
        "domurl": "2.3.4",
        "dragula": "3.7.3",
        "fullcalendar": "5.11.5",
        "jquery": "3.7.1",
        "jquery-mask-plugin": "1.14.16",
        "jquery-validation": "^1.20.0",
        "jquery-validation-unobtrusive": "^4.0.0",
        "jsvectormap": "1.5.3",
        "lucide": "0.378.0",
        "moment": "2.30.1",
        "notyf": "3.10.0",
        "quill": "1.3.7",
        "select2": "4.0.13",
        "select2-bootstrap-5-theme": "1.3.0",
        "simplebar": "6.2.6",
        "smartwizard": "5.1.1"
      }
    },
    "node_modules/@aiursoft/utctime.js": {
      "version": "1.0.4",
      "resolved": "https://npm.aiursoft.cn/@aiursoft/utctime.js/-/utctime.js-1.0.4.tgz",
      "integrity": "sha512-EPdZpm46LiwQlRdcifYVWnqm5BRTzFH+K3HlOshYhCXwo1f5Ss0oUT+zwnMI86sJepNoiyzXU6zAfKSvNCInsg==",
      "license": "MIT"
    },
    "node_modules/@babel/polyfill": {
      "version": "7.12.1",
      "resolved": "https://npm.aiursoft.cn/@babel/polyfill/-/polyfill-7.12.1.tgz",
      "integrity": "sha512-X0pi0V6gxLi6lFZpGmeNa4zxtwEmCs42isWLNjZZDE0Y8yVfgu0T2OAHlzBbdYlqbW/YXVvoBHpATEM+goCj8g==",
      "deprecated": "🚨 This package has been deprecated in favor of separate inclusion of a polyfill and regenerator-runtime (when needed). See the @babel/polyfill docs (https://babeljs.io/docs/en/babel-polyfill) for more information.",
      "license": "MIT",
      "dependencies": {
        "core-js": "^2.6.5",
        "regenerator-runtime": "^0.13.4"
      }
    },
    "node_modules/@eonasdan/tempus-dominus": {
      "version": "6.9.7",
      "resolved": "https://npm.aiursoft.cn/@eonasdan/tempus-dominus/-/tempus-dominus-6.9.7.tgz",
      "integrity": "sha512-HL425O4BrhCUyr+LLRCHzLKx1N4J1nzlO5wrLbjsymX4lhPdNYDq9EED/1ColAyJg+f/KPji4StMNgEYvql/fQ==",
      "license": "MIT",
      "funding": {
        "url": "https://ko-fi.com/eonasdan"
      },
      "peerDependencies": {
        "@popperjs/core": "^2.11.6"
      },
      "peerDependenciesMeta": {
        "@popperjs/core\"": {
          "optional": true
        }
      }
    },
    "node_modules/@fortawesome/fontawesome-free": {
      "version": "6.5.2",
      "resolved": "https://npm.aiursoft.cn/@fortawesome/fontawesome-free/-/fontawesome-free-6.5.2.tgz",
      "integrity": "sha512-hRILoInAx8GNT5IMkrtIt9blOdrqHOnPBH+k70aWUAqPZPgopb9G5EQJFpaBx/S8zp2fC+mPW349Bziuk1o28Q==",
      "hasInstallScript": true,
      "license": "(CC-BY-4.0 AND OFL-1.1 AND MIT)",
      "engines": {
        "node": ">=6"
      }
    },
    "node_modules/@popperjs/core": {
      "version": "2.11.8",
      "resolved": "https://npm.aiursoft.cn/@popperjs/core/-/core-2.11.8.tgz",
      "integrity": "sha512-P1st0aksCrn9sGZhp8GMYwBnQsbvAWsZAX44oXNNvLHGqAOcoVxmjZiohstwQ7SqKnbR47akdNi+uleWD8+g6A==",
      "license": "MIT",
      "funding": {
        "type": "opencollective",
        "url": "https://opencollective.com/popperjs"
      }
    },
    "node_modules/@types/lodash": {
      "version": "4.17.7",
      "resolved": "https://npm.aiursoft.cn/@types/lodash/-/lodash-4.17.7.tgz",
      "integrity": "sha512-8wTvZawATi/lsmNu10/j2hk1KEP0IvjubqPE3cu1Xz7xfXXt5oCq3SNUz4fMIP4XGF9Ky+Ue2tBA3hcS7LSBlA==",
      "license": "MIT"
    },
    "node_modules/@types/lodash-es": {
      "version": "4.17.12",
      "resolved": "https://npm.aiursoft.cn/@types/lodash-es/-/lodash-es-4.17.12.tgz",
      "integrity": "sha512-0NgftHUcV4v34VhXm8QBSftKVXtbkBG3ViCjs6+eJ5a6y6Mi/jiFGPc1sC7QK+9BFhWrURE3EOggmWaSxL9OzQ==",
      "license": "MIT",
      "dependencies": {
        "@types/lodash": "*"
      }
    },
    "node_modules/@yr/monotone-cubic-spline": {
      "version": "1.0.3",
      "resolved": "https://npm.aiursoft.cn/@yr/monotone-cubic-spline/-/monotone-cubic-spline-1.0.3.tgz",
      "integrity": "sha512-FQXkOta0XBSUPHndIKON2Y9JeQz5ZeMqLYZVVK93FliNBFm7LNMIZmY6FrMEB9XPcDbE2bekMbZD6kzDkxwYjA==",
      "license": "MIT"
    },
    "node_modules/apexcharts": {
      "version": "3.49.1",
      "resolved": "https://npm.aiursoft.cn/apexcharts/-/apexcharts-3.49.1.tgz",
      "integrity": "sha512-MqGtlq/KQuO8j0BBsUJYlRG8VBctKwYdwuBtajHgHTmSgUU3Oai+8oYN/rKCXwXzrUlYA+GiMgotAIbXY2BCGw==",
      "license": "MIT",
      "dependencies": {
        "@yr/monotone-cubic-spline": "^1.0.3",
        "svg.draggable.js": "^2.2.2",
        "svg.easing.js": "^2.0.0",
        "svg.filter.js": "^2.0.2",
        "svg.pathmorphing.js": "^0.1.3",
        "svg.resize.js": "^1.4.3",
        "svg.select.js": "^3.0.1"
      }
    },
    "node_modules/atoa": {
      "version": "1.0.0",
      "resolved": "https://npm.aiursoft.cn/atoa/-/atoa-1.0.0.tgz",
      "integrity": "sha512-VVE1H6cc4ai+ZXo/CRWoJiHXrA1qfA31DPnx6D20+kSI547hQN5Greh51LQ1baMRMfxO5K5M4ImMtZbZt2DODQ==",
      "license": "MIT"
    },
    "node_modules/bootstrap": {
      "version": "5.3.3",
      "resolved": "https://npm.aiursoft.cn/bootstrap/-/bootstrap-5.3.3.tgz",
      "integrity": "sha512-8HLCdWgyoMguSO9o+aH+iuZ+aht+mzW0u3HIMzVu7Srrpv7EBBxTnrFlSCskwdY1+EOFQSm7uMJhNQHkdPcmjg==",
      "funding": [
        {
          "type": "github",
          "url": "https://github.com/sponsors/twbs"
        },
        {
          "type": "opencollective",
          "url": "https://opencollective.com/bootstrap"
        }
      ],
      "license": "MIT",
      "peerDependencies": {
        "@popperjs/core": "^2.11.8"
      }
    },
    "node_modules/bootstrap-daterangepicker": {
      "version": "3.1.0",
      "resolved": "https://npm.aiursoft.cn/bootstrap-daterangepicker/-/bootstrap-daterangepicker-3.1.0.tgz",
      "integrity": "sha512-oaQZx6ZBDo/dZNyXGVi2rx5GmFXThyQLAxdtIqjtLlYVaQUfQALl5JZMJJZzyDIX7blfy4ppZPAJ10g8Ma4d/g==",
      "license": "MIT",
      "dependencies": {
        "jquery": ">=1.10",
        "moment": "^2.9.0"
      }
    },
    "node_modules/call-bind": {
      "version": "1.0.7",
      "resolved": "https://npm.aiursoft.cn/call-bind/-/call-bind-1.0.7.tgz",
      "integrity": "sha512-GHTSNSYICQ7scH7sZ+M2rFopRoLh8t2bLSW6BbgrtLsahOIB5iyAVJf9GjWK3cYTDaMj4XdBpM1cA6pIS0Kv2w==",
      "license": "MIT",
      "dependencies": {
        "es-define-property": "^1.0.0",
        "es-errors": "^1.3.0",
        "function-bind": "^1.1.2",
        "get-intrinsic": "^1.2.4",
        "set-function-length": "^1.2.1"
      },
      "engines": {
        "node": ">= 0.4"
      },
      "funding": {
        "url": "https://github.com/sponsors/ljharb"
      }
    },
    "node_modules/can-use-dom": {
      "version": "0.1.0",
      "resolved": "https://npm.aiursoft.cn/can-use-dom/-/can-use-dom-0.1.0.tgz",
      "integrity": "sha512-ceOhN1DL7Y4O6M0j9ICgmTYziV89WMd96SvSl0REd8PMgrY0B/WBOPoed5S1KUmJqXgUXh8gzSe6E3ae27upsQ==",
      "license": "MIT"
    },
    "node_modules/chart.js": {
      "version": "2.9.4",
      "resolved": "https://npm.aiursoft.cn/chart.js/-/chart.js-2.9.4.tgz",
      "integrity": "sha512-B07aAzxcrikjAPyV+01j7BmOpxtQETxTSlQ26BEYJ+3iUkbNKaOJ/nDbT6JjyqYxseM0ON12COHYdU2cTIjC7A==",
      "license": "MIT",
      "dependencies": {
        "chartjs-color": "^2.1.0",
        "moment": "^2.10.2"
      }
    },
    "node_modules/chartjs-color": {
      "version": "2.4.1",
      "resolved": "https://npm.aiursoft.cn/chartjs-color/-/chartjs-color-2.4.1.tgz",
      "integrity": "sha512-haqOg1+Yebys/Ts/9bLo/BqUcONQOdr/hoEr2LLTRl6C5LXctUdHxsCYfvQVg5JIxITrfCNUDr4ntqmQk9+/0w==",
      "license": "MIT",
      "dependencies": {
        "chartjs-color-string": "^0.6.0",
        "color-convert": "^1.9.3"
      }
    },
    "node_modules/chartjs-color-string": {
      "version": "0.6.0",
      "resolved": "https://npm.aiursoft.cn/chartjs-color-string/-/chartjs-color-string-0.6.0.tgz",
      "integrity": "sha512-TIB5OKn1hPJvO7JcteW4WY/63v6KwEdt6udfnDE9iCAZgy+V4SrbSxoIbTw/xkUIapjEI4ExGtD0+6D3KyFd7A==",
      "license": "MIT",
      "dependencies": {
        "color-name": "^1.0.0"
      }
    },
    "node_modules/clone": {
      "version": "2.1.2",
      "resolved": "https://npm.aiursoft.cn/clone/-/clone-2.1.2.tgz",
      "integrity": "sha512-3Pe/CF1Nn94hyhIYpjtiLhdCoEoz0DqQ+988E9gmeEdQZlojxnOb74wctFyuwWQHzqyf9X7C7MG8juUpqBJT8w==",
      "license": "MIT",
      "engines": {
        "node": ">=0.8"
      }
    },
    "node_modules/color-convert": {
      "version": "1.9.3",
      "resolved": "https://npm.aiursoft.cn/color-convert/-/color-convert-1.9.3.tgz",
      "integrity": "sha512-QfAUtd+vFdAtFQcC8CCyYt1fYWxSqAiK2cSD6zDB8N3cpsEBAvRxp9zOGg6G/SHHJYAT88/az/IuDGALsNVbGg==",
      "license": "MIT",
      "dependencies": {
        "color-name": "1.1.3"
      }
    },
    "node_modules/color-convert/node_modules/color-name": {
      "version": "1.1.3",
      "resolved": "https://npm.aiursoft.cn/color-name/-/color-name-1.1.3.tgz",
      "integrity": "sha512-72fSenhMw2HZMTVHeCA9KCmpEIbzWiQsjN+BHcBbS9vr1mtt+vJjPdksIBNUmKAW8TFUDPJK5SUU3QhE9NEXDw==",
      "license": "MIT"
    },
    "node_modules/color-name": {
      "version": "1.1.4",
      "resolved": "https://npm.aiursoft.cn/color-name/-/color-name-1.1.4.tgz",
      "integrity": "sha512-dOy+3AuW3a2wNbZHIuMZpTcgjGuLU/uBL/ubcZF9OXbDo8ff4O8yVp5Bf0efS8uEoYo5q4Fx7dY9OgQGXgAsQA==",
      "license": "MIT"
    },
    "node_modules/contra": {
      "version": "1.9.4",
      "resolved": "https://npm.aiursoft.cn/contra/-/contra-1.9.4.tgz",
      "integrity": "sha512-N9ArHAqwR/lhPq4OdIAwH4e1btn6EIZMAz4TazjnzCiVECcWUPTma+dRAM38ERImEJBh8NiCCpjoQruSZ+agYg==",
      "license": "MIT",
      "dependencies": {
        "atoa": "1.0.0",
        "ticky": "1.0.1"
      }
    },
    "node_modules/core-js": {
      "version": "2.6.12",
      "resolved": "https://npm.aiursoft.cn/core-js/-/core-js-2.6.12.tgz",
      "integrity": "sha512-Kb2wC0fvsWfQrgk8HU5lW6U/Lcs8+9aaYcy4ZFc6DDlo4nZ7n70dEgE5rtR0oG6ufKDUnrwfWL1mXR5ljDatrQ==",
      "deprecated": "core-js@<3.23.3 is no longer maintained and not recommended for usage due to the number of issues. Because of the V8 engine whims, feature detection in old core-js versions could cause a slowdown up to 100x even if nothing is polyfilled. Some versions have web compatibility issues. Please, upgrade your dependencies to the actual version of core-js.",
      "hasInstallScript": true,
      "license": "MIT"
    },
    "node_modules/crossvent": {
      "version": "1.5.5",
      "resolved": "https://npm.aiursoft.cn/crossvent/-/crossvent-1.5.5.tgz",
      "integrity": "sha512-MY4xhBYEnVi+pmTpHCOCsCLYczc0PVtGdPBz6NXNXxikLaUZo4HdAeUb1UqAo3t3yXAloSelTmfxJ+/oUqkW5w==",
      "license": "MIT",
      "dependencies": {
        "custom-event": "^1.0.0"
      }
    },
    "node_modules/custom-event": {
      "version": "1.0.1",
      "resolved": "https://npm.aiursoft.cn/custom-event/-/custom-event-1.0.1.tgz",
      "integrity": "sha512-GAj5FOq0Hd+RsCGVJxZuKaIDXDf3h6GQoNEjFgbLLI/trgtavwUbSnZ5pVfg27DVCaWjIohryS0JFwIJyT2cMg==",
      "license": "MIT"
    },
    "node_modules/datatables.net": {
      "version": "2.0.7",
      "resolved": "https://npm.aiursoft.cn/datatables.net/-/datatables.net-2.0.7.tgz",
      "integrity": "sha512-cyW+HZwkMzb4bLrao/SS9/i64ZHiw5nYhXl+OwuOPgddG+R9O11iOEke8wYsdiyOQmjv2mE6xkEmRMZwHZc8zw==",
      "license": "MIT",
      "dependencies": {
        "jquery": ">=1.7"
      }
    },
    "node_modules/datatables.net-bs5": {
      "version": "2.0.7",
      "resolved": "https://npm.aiursoft.cn/datatables.net-bs5/-/datatables.net-bs5-2.0.7.tgz",
      "integrity": "sha512-izDLJgwC/MxxomUKL73gVJZj5po4QQ4Ud1k9hRszuiMsz1xKqdiLVgiW/2qlr5+cLwEVKqBY4rf0SgtQpzQyxg==",
      "license": "MIT",
      "dependencies": {
        "datatables.net": "2.0.7",
        "jquery": ">=1.7"
      }
    },
    "node_modules/datatables.net-buttons": {
      "version": "3.0.2",
      "resolved": "https://npm.aiursoft.cn/datatables.net-buttons/-/datatables.net-buttons-3.0.2.tgz",
      "integrity": "sha512-J+vk4hLtTivnl+RxzpKPE7CG4ggdgHPQcHnpqViy9w6ia18Uh69dQktX6NJ87QrqNPCTMUyHDzUzsRFURG4/Fw==",
      "license": "MIT",
      "dependencies": {
        "datatables.net": "^2",
        "jquery": ">=1.7"
      }
    },
    "node_modules/datatables.net-buttons-bs5": {
      "version": "3.0.2",
      "resolved": "https://npm.aiursoft.cn/datatables.net-buttons-bs5/-/datatables.net-buttons-bs5-3.0.2.tgz",
      "integrity": "sha512-whufHsfKgzzdmTqM7JnFUph5hveHTCAvs9N0CP+5t7k7sIr7b94rIxv22/2Wt4veLcd3v73NdhPWl4j/GfzyhA==",
      "license": "MIT",
      "dependencies": {
        "datatables.net-bs5": "^2",
        "datatables.net-buttons": "3.0.2",
        "jquery": ">=1.7"
      }
    },
    "node_modules/datatables.net-fixedheader": {
      "version": "4.0.1",
      "resolved": "https://npm.aiursoft.cn/datatables.net-fixedheader/-/datatables.net-fixedheader-4.0.1.tgz",
      "integrity": "sha512-jdwvGvI/WBKjNDJ5JwcTqmh7ehLkzXmTqvVCWJ6ig3+P9EHasoTq6Ys08WfICXpCHZgDKwDYLiW2rqVLK5TWOg==",
      "license": "MIT",
      "dependencies": {
        "datatables.net": "^2",
        "jquery": ">=1.7"
      }
    },
    "node_modules/datatables.net-fixedheader-bs5": {
      "version": "4.0.1",
      "resolved": "https://npm.aiursoft.cn/datatables.net-fixedheader-bs5/-/datatables.net-fixedheader-bs5-4.0.1.tgz",
      "integrity": "sha512-rA02QKEDvzj9dtwoUDl8hdSFDi4THpZeqCpCne0sVul1AM4OBy0O4zcx2WMSiEc5yEjFVZwKHmkvcDyhioV5IQ==",
      "license": "MIT",
      "dependencies": {
        "datatables.net-bs5": "^2",
        "datatables.net-fixedheader": "4.0.1",
        "jquery": ">=1.7"
      }
    },
    "node_modules/datatables.net-responsive": {
      "version": "3.0.2",
      "resolved": "https://npm.aiursoft.cn/datatables.net-responsive/-/datatables.net-responsive-3.0.2.tgz",
      "integrity": "sha512-OVsrTfcYvT8YtnOeCef51veKc+DABVPWOypvID+xFzCgyBDCIgcauTk+H5zItOscXw/CwSIbGN9zD6Sxa7lZPA==",
      "license": "MIT",
      "dependencies": {
        "datatables.net": "^2",
        "jquery": ">=1.7"
      }
    },
    "node_modules/datatables.net-responsive-bs5": {
      "version": "3.0.2",
      "resolved": "https://npm.aiursoft.cn/datatables.net-responsive-bs5/-/datatables.net-responsive-bs5-3.0.2.tgz",
      "integrity": "sha512-qiAvyVRu4MvYMN5bc8I2OwOB4j09fLwzV2NtauRtULGRT28LOnvFXdA83/14NkMKDHKtuhx2YaXnF+mm9NaoxA==",
      "license": "MIT",
      "dependencies": {
        "datatables.net-bs5": "^2",
        "datatables.net-responsive": "3.0.2",
        "jquery": ">=1.7"
      }
    },
    "node_modules/datatables.net-select": {
      "version": "2.0.2",
      "resolved": "https://npm.aiursoft.cn/datatables.net-select/-/datatables.net-select-2.0.2.tgz",
      "integrity": "sha512-1dFrVfzfudFezcbFM0AE4Nj7U1JeDlffAXwaEu/Ff6O2sBYL0XrSJsz5AIkkDgJmeKeeqDH8rrc3OanFblIWKg==",
      "license": "MIT",
      "dependencies": {
        "datatables.net": "^2",
        "jquery": ">=1.7"
      }
    },
    "node_modules/datatables.net-select-bs5": {
      "version": "2.0.2",
      "resolved": "https://npm.aiursoft.cn/datatables.net-select-bs5/-/datatables.net-select-bs5-2.0.2.tgz",
      "integrity": "sha512-Cpx2GTdApcSQuMvsm552G1No+UKuN5APcdySYJdIemvqb4XIUaywUPUiUi70Q7zEqHwJ+J9P5pFp0jcpKUjbUw==",
      "license": "MIT",
      "dependencies": {
        "datatables.net-bs5": "^2",
        "datatables.net-select": "2.0.2",
        "jquery": ">=1.7"
      }
    },
    "node_modules/deep-equal": {
      "version": "1.1.2",
      "resolved": "https://npm.aiursoft.cn/deep-equal/-/deep-equal-1.1.2.tgz",
      "integrity": "sha512-5tdhKF6DbU7iIzrIOa1AOUt39ZRm13cmL1cGEh//aqR8x9+tNfbywRf0n5FD/18OKMdo7DNEtrX2t22ZAkI+eg==",
      "license": "MIT",
      "dependencies": {
        "is-arguments": "^1.1.1",
        "is-date-object": "^1.0.5",
        "is-regex": "^1.1.4",
        "object-is": "^1.1.5",
        "object-keys": "^1.1.1",
        "regexp.prototype.flags": "^1.5.1"
      },
      "engines": {
        "node": ">= 0.4"
      },
      "funding": {
        "url": "https://github.com/sponsors/ljharb"
      }
    },
    "node_modules/define-data-property": {
      "version": "1.1.4",
      "resolved": "https://npm.aiursoft.cn/define-data-property/-/define-data-property-1.1.4.tgz",
      "integrity": "sha512-rBMvIzlpA8v6E+SJZoo++HAYqsLrkg7MSfIinMPFhmkorw7X+dOXVJQs+QT69zGkzMyfDnIMN2Wid1+NbL3T+A==",
      "license": "MIT",
      "dependencies": {
        "es-define-property": "^1.0.0",
        "es-errors": "^1.3.0",
        "gopd": "^1.0.1"
      },
      "engines": {
        "node": ">= 0.4"
      },
      "funding": {
        "url": "https://github.com/sponsors/ljharb"
      }
    },
    "node_modules/define-properties": {
      "version": "1.2.1",
      "resolved": "https://npm.aiursoft.cn/define-properties/-/define-properties-1.2.1.tgz",
      "integrity": "sha512-8QmQKqEASLd5nx0U1B1okLElbUuuttJ/AnYmRXbbbGDWh6uS208EjD4Xqq/I9wK7u0v6O08XhTWnt5XtEbR6Dg==",
      "license": "MIT",
      "dependencies": {
        "define-data-property": "^1.0.1",
        "has-property-descriptors": "^1.0.0",
        "object-keys": "^1.1.1"
      },
      "engines": {
        "node": ">= 0.4"
      },
      "funding": {
        "url": "https://github.com/sponsors/ljharb"
      }
    },
    "node_modules/domurl": {
      "version": "2.3.4",
      "resolved": "https://npm.aiursoft.cn/domurl/-/domurl-2.3.4.tgz",
      "integrity": "sha512-/pmFKQbQqjsCB5qppxfGexcaVykxcawJi2S9aRq3iF9fcIUrkUd9ceXxehP2ARbCbmhh4O21YBRC1pn86rpujg==",
      "license": "MIT"
    },
    "node_modules/dragula": {
      "version": "3.7.3",
      "resolved": "https://npm.aiursoft.cn/dragula/-/dragula-3.7.3.tgz",
      "integrity": "sha512-/rRg4zRhcpf81TyDhaHLtXt6sEywdfpv1cRUMeFFy7DuypH2U0WUL0GTdyAQvXegviT4PJK4KuMmOaIDpICseQ==",
      "license": "MIT",
      "dependencies": {
        "contra": "1.9.4",
        "crossvent": "1.5.5"
      }
    },
    "node_modules/es-define-property": {
      "version": "1.0.0",
      "resolved": "https://npm.aiursoft.cn/es-define-property/-/es-define-property-1.0.0.tgz",
      "integrity": "sha512-jxayLKShrEqqzJ0eumQbVhTYQM27CfT1T35+gCgDFoL82JLsXqTJ76zv6A0YLOgEnLUMvLzsDsGIrl8NFpT2gQ==",
      "license": "MIT",
      "dependencies": {
        "get-intrinsic": "^1.2.4"
      },
      "engines": {
        "node": ">= 0.4"
      }
    },
    "node_modules/es-errors": {
      "version": "1.3.0",
      "resolved": "https://npm.aiursoft.cn/es-errors/-/es-errors-1.3.0.tgz",
      "integrity": "sha512-Zf5H2Kxt2xjTvbJvP2ZWLEICxA6j+hAmMzIlypy4xcBg1vKVnx89Wy0GbS+kf5cwCVFFzdCFh2XSCFNULS6csw==",
      "license": "MIT",
      "engines": {
        "node": ">= 0.4"
      }
    },
    "node_modules/eventemitter3": {
      "version": "2.0.3",
      "resolved": "https://npm.aiursoft.cn/eventemitter3/-/eventemitter3-2.0.3.tgz",
      "integrity": "sha512-jLN68Dx5kyFHaePoXWPsCGW5qdyZQtLYHkxkg02/Mz6g0kYpDx4FyP6XfArhQdlOC4b8Mv+EMxPo/8La7Tzghg==",
      "license": "MIT"
    },
    "node_modules/extend": {
      "version": "3.0.2",
      "resolved": "https://npm.aiursoft.cn/extend/-/extend-3.0.2.tgz",
      "integrity": "sha512-fjquC59cD7CyW6urNXK0FBufkZcoiGG80wTuPujX590cB5Ttln20E2UB4S/WARVqhXffZl2LNgS+gQdPIIim/g==",
      "license": "MIT"
    },
    "node_modules/fast-diff": {
      "version": "1.1.2",
      "resolved": "https://npm.aiursoft.cn/fast-diff/-/fast-diff-1.1.2.tgz",
      "integrity": "sha512-KaJUt+M9t1qaIteSvjc6P3RbMdXsNhK61GRftR6SNxqmhthcd9MGIi4T+o0jD8LUSpSnSKXE20nLtJ3fOHxQig==",
      "license": "Apache-2.0"
    },
    "node_modules/fullcalendar": {
      "version": "5.11.5",
      "resolved": "https://npm.aiursoft.cn/fullcalendar/-/fullcalendar-5.11.5.tgz",
      "integrity": "sha512-eaVD6zOvuFXVpoMKlg2FQAj8e+PcpitBMwlzwRJJr1zOi/dXMYAksx2hLzwtsr93FVUNSSo16xwMTTZz6+prKQ==",
      "license": "MIT"
    },
    "node_modules/function-bind": {
      "version": "1.1.2",
      "resolved": "https://npm.aiursoft.cn/function-bind/-/function-bind-1.1.2.tgz",
      "integrity": "sha512-7XHNxH7qX9xG5mIwxkhumTox/MIRNcOgDrxWsMt2pAr23WHp6MrRlN7FBSFpCpr+oVO0F744iUgR82nJMfG2SA==",
      "license": "MIT",
      "funding": {
        "url": "https://github.com/sponsors/ljharb"
      }
    },
    "node_modules/functions-have-names": {
      "version": "1.2.3",
      "resolved": "https://npm.aiursoft.cn/functions-have-names/-/functions-have-names-1.2.3.tgz",
      "integrity": "sha512-xckBUXyTIqT97tq2x2AMb+g163b5JFysYk0x4qxNFwbfQkmNZoiRHb6sPzI9/QV33WeuvVYBUIiD4NzNIyqaRQ==",
      "license": "MIT",
      "funding": {
        "url": "https://github.com/sponsors/ljharb"
      }
    },
    "node_modules/get-intrinsic": {
      "version": "1.2.4",
      "resolved": "https://npm.aiursoft.cn/get-intrinsic/-/get-intrinsic-1.2.4.tgz",
      "integrity": "sha512-5uYhsJH8VJBTv7oslg4BznJYhDoRI6waYCxMmCdnTrcCrHA/fCFKoTFz2JKKE0HdDFUF7/oQuhzumXJK7paBRQ==",
      "license": "MIT",
      "dependencies": {
        "es-errors": "^1.3.0",
        "function-bind": "^1.1.2",
        "has-proto": "^1.0.1",
        "has-symbols": "^1.0.3",
        "hasown": "^2.0.0"
      },
      "engines": {
        "node": ">= 0.4"
      },
      "funding": {
        "url": "https://github.com/sponsors/ljharb"
      }
    },
    "node_modules/gopd": {
      "version": "1.0.1",
      "resolved": "https://npm.aiursoft.cn/gopd/-/gopd-1.0.1.tgz",
      "integrity": "sha512-d65bNlIadxvpb/A2abVdlqKqV563juRnZ1Wtk6s1sIR8uNsXR70xqIzVqxVf1eTqDunwT2MkczEeaezCKTZhwA==",
      "license": "MIT",
      "dependencies": {
        "get-intrinsic": "^1.1.3"
      },
      "funding": {
        "url": "https://github.com/sponsors/ljharb"
      }
    },
    "node_modules/has-property-descriptors": {
      "version": "1.0.2",
      "resolved": "https://npm.aiursoft.cn/has-property-descriptors/-/has-property-descriptors-1.0.2.tgz",
      "integrity": "sha512-55JNKuIW+vq4Ke1BjOTjM2YctQIvCT7GFzHwmfZPGo5wnrgkid0YQtnAleFSqumZm4az3n2BS+erby5ipJdgrg==",
      "license": "MIT",
      "dependencies": {
        "es-define-property": "^1.0.0"
      },
      "funding": {
        "url": "https://github.com/sponsors/ljharb"
      }
    },
    "node_modules/has-proto": {
      "version": "1.0.3",
      "resolved": "https://npm.aiursoft.cn/has-proto/-/has-proto-1.0.3.tgz",
      "integrity": "sha512-SJ1amZAJUiZS+PhsVLf5tGydlaVB8EdFpaSO4gmiUKUOxk8qzn5AIy4ZeJUmh22znIdk/uMAUT2pl3FxzVUH+Q==",
      "license": "MIT",
      "engines": {
        "node": ">= 0.4"
      },
      "funding": {
        "url": "https://github.com/sponsors/ljharb"
      }
    },
    "node_modules/has-symbols": {
      "version": "1.0.3",
      "resolved": "https://npm.aiursoft.cn/has-symbols/-/has-symbols-1.0.3.tgz",
      "integrity": "sha512-l3LCuF6MgDNwTDKkdYGEihYjt5pRPbEg46rtlmnSPlUbgmB8LOIrKJbYYFBSbnPaJexMKtiPO8hmeRjRz2Td+A==",
      "license": "MIT",
      "engines": {
        "node": ">= 0.4"
      },
      "funding": {
        "url": "https://github.com/sponsors/ljharb"
      }
    },
    "node_modules/has-tostringtag": {
      "version": "1.0.2",
      "resolved": "https://npm.aiursoft.cn/has-tostringtag/-/has-tostringtag-1.0.2.tgz",
      "integrity": "sha512-NqADB8VjPFLM2V0VvHUewwwsw0ZWBaIdgo+ieHtK3hasLz4qeCRjYcqfB6AQrBggRKppKF8L52/VqdVsO47Dlw==",
      "license": "MIT",
      "dependencies": {
        "has-symbols": "^1.0.3"
      },
      "engines": {
        "node": ">= 0.4"
      },
      "funding": {
        "url": "https://github.com/sponsors/ljharb"
      }
    },
    "node_modules/hasown": {
      "version": "2.0.2",
      "resolved": "https://npm.aiursoft.cn/hasown/-/hasown-2.0.2.tgz",
      "integrity": "sha512-0hJU9SCPvmMzIBdZFqNPXWa6dqh7WdH0cII9y+CyS8rG3nL48Bclra9HmKhVVUHyPWNH5Y7xDwAB7bfgSjkUMQ==",
      "license": "MIT",
      "dependencies": {
        "function-bind": "^1.1.2"
      },
      "engines": {
        "node": ">= 0.4"
      }
    },
    "node_modules/is-arguments": {
      "version": "1.1.1",
      "resolved": "https://npm.aiursoft.cn/is-arguments/-/is-arguments-1.1.1.tgz",
      "integrity": "sha512-8Q7EARjzEnKpt/PCD7e1cgUS0a6X8u5tdSiMqXhojOdoV9TsMsiO+9VLC5vAmO8N7/GmXn7yjR8qnA6bVAEzfA==",
      "license": "MIT",
      "dependencies": {
        "call-bind": "^1.0.2",
        "has-tostringtag": "^1.0.0"
      },
      "engines": {
        "node": ">= 0.4"
      },
      "funding": {
        "url": "https://github.com/sponsors/ljharb"
      }
    },
    "node_modules/is-date-object": {
      "version": "1.0.5",
      "resolved": "https://npm.aiursoft.cn/is-date-object/-/is-date-object-1.0.5.tgz",
      "integrity": "sha512-9YQaSxsAiSwcvS33MBk3wTCVnWK+HhF8VZR2jRxehM16QcVOdHqPn4VPHmRK4lSr38n9JriurInLcP90xsYNfQ==",
      "license": "MIT",
      "dependencies": {
        "has-tostringtag": "^1.0.0"
      },
      "engines": {
        "node": ">= 0.4"
      },
      "funding": {
        "url": "https://github.com/sponsors/ljharb"
      }
    },
    "node_modules/is-regex": {
      "version": "1.1.4",
      "resolved": "https://npm.aiursoft.cn/is-regex/-/is-regex-1.1.4.tgz",
      "integrity": "sha512-kvRdxDsxZjhzUX07ZnLydzS1TU/TJlTUHHY4YLL87e37oUA49DfkLqgy+VjFocowy29cKvcSiu+kIv728jTTVg==",
      "license": "MIT",
      "dependencies": {
        "call-bind": "^1.0.2",
        "has-tostringtag": "^1.0.0"
      },
      "engines": {
        "node": ">= 0.4"
      },
      "funding": {
        "url": "https://github.com/sponsors/ljharb"
      }
    },
    "node_modules/jquery": {
      "version": "3.7.1",
      "resolved": "https://npm.aiursoft.cn/jquery/-/jquery-3.7.1.tgz",
      "integrity": "sha512-m4avr8yL8kmFN8psrbFFFmB/If14iN5o9nw/NgnnM+kybDJpRsAynV2BsfpTYrTRysYUdADVD7CkUUizgkpLfg==",
      "license": "MIT"
    },
    "node_modules/jquery-mask-plugin": {
      "version": "1.14.16",
      "resolved": "https://npm.aiursoft.cn/jquery-mask-plugin/-/jquery-mask-plugin-1.14.16.tgz",
      "integrity": "sha512-reywdHlYEkPbzWjTpcc1fk9XQ3PLvO5dzEAVqy8zI7NTF22tB1HbeU3iboZTLdkBEPaWAqeI2HtEjsGQ4roZKw==",
      "license": "MIT"
    },
    "node_modules/jquery-validation": {
      "version": "1.21.0",
      "resolved": "https://npm.aiursoft.cn/jquery-validation/-/jquery-validation-1.21.0.tgz",
      "integrity": "sha512-xNot0rlUIgu7duMcQ5qb6MGkGL/Z1PQaRJQoZAURW9+a/2PGOUxY36o/WyNeP2T9R6jvWB8Z9lUVvvQWI/Zs5w==",
      "license": "MIT",
      "peerDependencies": {
        "jquery": "^1.7 || ^2.0 || ^3.1"
      }
    },
    "node_modules/jquery-validation-unobtrusive": {
      "version": "4.0.0",
      "resolved": "https://npm.aiursoft.cn/jquery-validation-unobtrusive/-/jquery-validation-unobtrusive-4.0.0.tgz",
      "integrity": "sha512-1ervYFFv6LX/rp7ktuLnMakHNG0piNRDyROI8Ir3hL1vPIwylAehB1AY3BPrYJnzW3WmwWryZq+Bz4sazZK9iQ==",
      "license": "https://aka.ms/jqueryunobtrusivelicense",
      "dependencies": {
        "jquery": "^3.6.0",
        "jquery-validation": ">=1.19"
      }
    },
    "node_modules/jsvectormap": {
      "version": "1.5.3",
      "resolved": "https://npm.aiursoft.cn/jsvectormap/-/jsvectormap-1.5.3.tgz",
      "integrity": "sha512-HStTEhZEVr8t3t6juApO603nr1y54K/wjcdOvgGtvpE1etZ9Isg/sLdqh7OX4+RJ8srdP7WiBoTV/93aMqhLhw==",
      "license": "MIT"
    },
    "node_modules/lodash": {
      "version": "4.17.21",
      "resolved": "https://npm.aiursoft.cn/lodash/-/lodash-4.17.21.tgz",
      "integrity": "sha512-v2kDEe57lecTulaDIuNTPy3Ry4gLGJ6Z1O3vE1krgXZNrsQ+LFTGHVxVjcXPs17LhbZVGedAJv8XZ1tvj5FvSg==",
      "license": "MIT"
    },
    "node_modules/lodash-es": {
      "version": "4.17.21",
      "resolved": "https://npm.aiursoft.cn/lodash-es/-/lodash-es-4.17.21.tgz",
      "integrity": "sha512-mKnC+QJ9pWVzv+C4/U3rRsHapFfHvQFoFB92e52xeyGMcX6/OlIl78je1u8vePzYZSkkogMPJ2yjxxsb89cxyw==",
      "license": "MIT"
    },
    "node_modules/lucide": {
      "version": "0.378.0",
      "resolved": "https://npm.aiursoft.cn/lucide/-/lucide-0.378.0.tgz",
      "integrity": "sha512-bwWXuZf2jZbCI0Y+MWyv5bedWIxYKtgAEzC2Yl87Nrt/KcG9qTwAQxVFcZ6IwBioML06QUQsG+qRjyQvYHdbBQ==",
      "license": "ISC"
    },
    "node_modules/moment": {
      "version": "2.30.1",
      "resolved": "https://npm.aiursoft.cn/moment/-/moment-2.30.1.tgz",
      "integrity": "sha512-uEmtNhbDOrWPFS+hdjFCBfy9f2YoyzRpwcl+DqpC6taX21FzsTLQVbMV/W7PzNSX6x/bhC1zA3c2UQ5NzH6how==",
      "license": "MIT",
      "engines": {
        "node": "*"
      }
    },
    "node_modules/notyf": {
      "version": "3.10.0",
      "resolved": "https://npm.aiursoft.cn/notyf/-/notyf-3.10.0.tgz",
      "integrity": "sha512-Mtnp+0qiZxgrH+TzVlzhWyZceHdAZ/UWK0/ju9U0HQeDpap1mZ8cC7H5wSI5mwgni6yeAjaxsTw0sbMK+aSuHw==",
      "license": "MIT"
    },
    "node_modules/object-is": {
      "version": "1.1.6",
      "resolved": "https://npm.aiursoft.cn/object-is/-/object-is-1.1.6.tgz",
      "integrity": "sha512-F8cZ+KfGlSGi09lJT7/Nd6KJZ9ygtvYC0/UYYLI9nmQKLMnydpB9yvbv9K1uSkEu7FU9vYPmVwLg328tX+ot3Q==",
      "license": "MIT",
      "dependencies": {
        "call-bind": "^1.0.7",
        "define-properties": "^1.2.1"
      },
      "engines": {
        "node": ">= 0.4"
      },
      "funding": {
        "url": "https://github.com/sponsors/ljharb"
      }
    },
    "node_modules/object-keys": {
      "version": "1.1.1",
      "resolved": "https://npm.aiursoft.cn/object-keys/-/object-keys-1.1.1.tgz",
      "integrity": "sha512-NuAESUOUMrlIXOfHKzD6bpPu3tYt3xvjNdRIQ+FeT0lNb4K8WR70CaDxhuNguS2XG+GjkyMwOzsN5ZktImfhLA==",
      "license": "MIT",
      "engines": {
        "node": ">= 0.4"
      }
    },
    "node_modules/parchment": {
      "version": "1.1.4",
      "resolved": "https://npm.aiursoft.cn/parchment/-/parchment-1.1.4.tgz",
      "integrity": "sha512-J5FBQt/pM2inLzg4hEWmzQx/8h8D0CiDxaG3vyp9rKrQRSDgBlhjdP5jQGgosEajXPSQouXGHOmVdgo7QmJuOg==",
      "license": "BSD-3-Clause"
    },
    "node_modules/quill": {
      "version": "1.3.7",
      "resolved": "https://npm.aiursoft.cn/quill/-/quill-1.3.7.tgz",
      "integrity": "sha512-hG/DVzh/TiknWtE6QmWAF/pxoZKYxfe3J/d/+ShUWkDvvkZQVTPeVmUJVu1uE6DDooC4fWTiCLh84ul89oNz5g==",
      "license": "BSD-3-Clause",
      "dependencies": {
        "clone": "^2.1.1",
        "deep-equal": "^1.0.1",
        "eventemitter3": "^2.0.3",
        "extend": "^3.0.2",
        "parchment": "^1.1.4",
        "quill-delta": "^3.6.2"
      }
    },
    "node_modules/quill-delta": {
      "version": "3.6.3",
      "resolved": "https://npm.aiursoft.cn/quill-delta/-/quill-delta-3.6.3.tgz",
      "integrity": "sha512-wdIGBlcX13tCHOXGMVnnTVFtGRLoP0imqxM696fIPwIf5ODIYUHIvHbZcyvGlZFiFhK5XzDC2lpjbxRhnM05Tg==",
      "license": "MIT",
      "dependencies": {
        "deep-equal": "^1.0.1",
        "extend": "^3.0.2",
        "fast-diff": "1.1.2"
      },
      "engines": {
        "node": ">=0.10"
      }
    },
    "node_modules/regenerator-runtime": {
      "version": "0.13.11",
      "resolved": "https://npm.aiursoft.cn/regenerator-runtime/-/regenerator-runtime-0.13.11.tgz",
      "integrity": "sha512-kY1AZVr2Ra+t+piVaJ4gxaFaReZVH40AKNo7UCX6W+dEwBo/2oZJzqfuN1qLq1oL45o56cPaTXELwrTh8Fpggg==",
      "license": "MIT"
    },
    "node_modules/regexp.prototype.flags": {
      "version": "1.5.2",
      "resolved": "https://npm.aiursoft.cn/regexp.prototype.flags/-/regexp.prototype.flags-1.5.2.tgz",
      "integrity": "sha512-NcDiDkTLuPR+++OCKB0nWafEmhg/Da8aUPLPMQbK+bxKKCm1/S5he+AqYa4PlMCVBalb4/yxIRub6qkEx5yJbw==",
      "license": "MIT",
      "dependencies": {
        "call-bind": "^1.0.6",
        "define-properties": "^1.2.1",
        "es-errors": "^1.3.0",
        "set-function-name": "^2.0.1"
      },
      "engines": {
        "node": ">= 0.4"
      },
      "funding": {
        "url": "https://github.com/sponsors/ljharb"
      }
    },
    "node_modules/select2": {
      "version": "4.0.13",
      "resolved": "https://npm.aiursoft.cn/select2/-/select2-4.0.13.tgz",
      "integrity": "sha512-1JeB87s6oN/TDxQQYCvS5EFoQyvV6eYMZZ0AeA4tdFDYWN3BAGZ8npr17UBFddU0lgAt3H0yjX3X6/ekOj1yjw==",
      "license": "MIT"
    },
    "node_modules/select2-bootstrap-5-theme": {
      "version": "1.3.0",
      "resolved": "https://npm.aiursoft.cn/select2-bootstrap-5-theme/-/select2-bootstrap-5-theme-1.3.0.tgz",
      "integrity": "sha512-uEJDruP4tmwyKcs3V0oP7CIsyC45PGF5ddo8unwTp8OucJ1PSuTOBr+xbWaHTQPGnvp7N96psVQ5UBMQvFCcHA==",
      "license": "MIT",
      "dependencies": {
        "bootstrap": "^5.1.3"
      }
    },
    "node_modules/set-function-length": {
      "version": "1.2.2",
      "resolved": "https://npm.aiursoft.cn/set-function-length/-/set-function-length-1.2.2.tgz",
      "integrity": "sha512-pgRc4hJ4/sNjWCSS9AmnS40x3bNMDTknHgL5UaMBTMyJnU90EgWh1Rz+MC9eFu4BuN/UwZjKQuY/1v3rM7HMfg==",
      "license": "MIT",
      "dependencies": {
        "define-data-property": "^1.1.4",
        "es-errors": "^1.3.0",
        "function-bind": "^1.1.2",
        "get-intrinsic": "^1.2.4",
        "gopd": "^1.0.1",
        "has-property-descriptors": "^1.0.2"
      },
      "engines": {
        "node": ">= 0.4"
      }
    },
    "node_modules/set-function-name": {
      "version": "2.0.2",
      "resolved": "https://npm.aiursoft.cn/set-function-name/-/set-function-name-2.0.2.tgz",
      "integrity": "sha512-7PGFlmtwsEADb0WYyvCMa1t+yke6daIG4Wirafur5kcf+MhUnPms1UeR0CKQdTZD81yESwMHbtn+TR+dMviakQ==",
      "license": "MIT",
      "dependencies": {
        "define-data-property": "^1.1.4",
        "es-errors": "^1.3.0",
        "functions-have-names": "^1.2.3",
        "has-property-descriptors": "^1.0.2"
      },
      "engines": {
        "node": ">= 0.4"
      }
    },
    "node_modules/simplebar": {
      "version": "6.2.6",
      "resolved": "https://npm.aiursoft.cn/simplebar/-/simplebar-6.2.6.tgz",
      "integrity": "sha512-dN+MoK2JJY8u+3CokYm0GTAi1bo+aefyyY2fk3pZlwOZdLSNY9P0Ze6kb6e86VuXgFgbcX4z8SuM41RK1/zM+g==",
      "license": "MIT",
      "dependencies": {
        "can-use-dom": "^0.1.0",
        "simplebar-core": "^1.2.5"
      }
    },
    "node_modules/simplebar-core": {
      "version": "1.2.6",
      "resolved": "https://npm.aiursoft.cn/simplebar-core/-/simplebar-core-1.2.6.tgz",
      "integrity": "sha512-H5NYU+O+uvqOH5VXw3+lgoc1vTI6jL8LOZJsw4xgRpV7uIPjRpmLPdz0TrouxwKHBhpVLzVIlyKhaRLelIThMw==",
      "license": "MIT",
      "dependencies": {
        "@types/lodash-es": "^4.17.6",
        "lodash": "^4.17.21",
        "lodash-es": "^4.17.21"
      }
    },
    "node_modules/smartwizard": {
      "version": "5.1.1",
      "resolved": "https://npm.aiursoft.cn/smartwizard/-/smartwizard-5.1.1.tgz",
      "integrity": "sha512-AFeP/zDXOEE4/AsHTsWIHQC/HyJlavOus7EtCs2nwsh1MkRDNtRFFadOLXCw7BlgT9xExQwmSIqxZdXKHuyFrw==",
      "license": "MIT"
    },
    "node_modules/svg.draggable.js": {
      "version": "2.2.2",
      "resolved": "https://npm.aiursoft.cn/svg.draggable.js/-/svg.draggable.js-2.2.2.tgz",
      "integrity": "sha512-JzNHBc2fLQMzYCZ90KZHN2ohXL0BQJGQimK1kGk6AvSeibuKcIdDX9Kr0dT9+UJ5O8nYA0RB839Lhvk4CY4MZw==",
      "license": "MIT",
      "dependencies": {
        "svg.js": "^2.0.1"
      },
      "engines": {
        "node": ">= 0.8.0"
      }
    },
    "node_modules/svg.easing.js": {
      "version": "2.0.0",
      "resolved": "https://npm.aiursoft.cn/svg.easing.js/-/svg.easing.js-2.0.0.tgz",
      "integrity": "sha512-//ctPdJMGy22YoYGV+3HEfHbm6/69LJUTAqI2/5qBvaNHZ9uUFVC82B0Pl299HzgH13rKrBgi4+XyXXyVWWthA==",
      "license": "MIT",
      "dependencies": {
        "svg.js": ">=2.3.x"
      },
      "engines": {
        "node": ">= 0.8.0"
      }
    },
    "node_modules/svg.filter.js": {
      "version": "2.0.2",
      "resolved": "https://npm.aiursoft.cn/svg.filter.js/-/svg.filter.js-2.0.2.tgz",
      "integrity": "sha512-xkGBwU+dKBzqg5PtilaTb0EYPqPfJ9Q6saVldX+5vCRy31P6TlRCP3U9NxH3HEufkKkpNgdTLBJnmhDHeTqAkw==",
      "license": "MIT",
      "dependencies": {
        "svg.js": "^2.2.5"
      },
      "engines": {
        "node": ">= 0.8.0"
      }
    },
    "node_modules/svg.js": {
      "version": "2.7.1",
      "resolved": "https://npm.aiursoft.cn/svg.js/-/svg.js-2.7.1.tgz",
      "integrity": "sha512-ycbxpizEQktk3FYvn/8BH+6/EuWXg7ZpQREJvgacqn46gIddG24tNNe4Son6omdXCnSOaApnpZw6MPCBA1dODA==",
      "license": "MIT"
    },
    "node_modules/svg.pathmorphing.js": {
      "version": "0.1.3",
      "resolved": "https://npm.aiursoft.cn/svg.pathmorphing.js/-/svg.pathmorphing.js-0.1.3.tgz",
      "integrity": "sha512-49HWI9X4XQR/JG1qXkSDV8xViuTLIWm/B/7YuQELV5KMOPtXjiwH4XPJvr/ghEDibmLQ9Oc22dpWpG0vUDDNww==",
      "license": "MIT",
      "dependencies": {
        "svg.js": "^2.4.0"
      },
      "engines": {
        "node": ">= 0.8.0"
      }
    },
    "node_modules/svg.resize.js": {
      "version": "1.4.3",
      "resolved": "https://npm.aiursoft.cn/svg.resize.js/-/svg.resize.js-1.4.3.tgz",
      "integrity": "sha512-9k5sXJuPKp+mVzXNvxz7U0uC9oVMQrrf7cFsETznzUDDm0x8+77dtZkWdMfRlmbkEEYvUn9btKuZ3n41oNA+uw==",
      "license": "MIT",
      "dependencies": {
        "svg.js": "^2.6.5",
        "svg.select.js": "^2.1.2"
      },
      "engines": {
        "node": ">= 0.8.0"
      }
    },
    "node_modules/svg.resize.js/node_modules/svg.select.js": {
      "version": "2.1.2",
      "resolved": "https://npm.aiursoft.cn/svg.select.js/-/svg.select.js-2.1.2.tgz",
      "integrity": "sha512-tH6ABEyJsAOVAhwcCjF8mw4crjXSI1aa7j2VQR8ZuJ37H2MBUbyeqYr5nEO7sSN3cy9AR9DUwNg0t/962HlDbQ==",
      "license": "MIT",
      "dependencies": {
        "svg.js": "^2.2.5"
      },
      "engines": {
        "node": ">= 0.8.0"
      }
    },
    "node_modules/svg.select.js": {
      "version": "3.0.1",
      "resolved": "https://npm.aiursoft.cn/svg.select.js/-/svg.select.js-3.0.1.tgz",
      "integrity": "sha512-h5IS/hKkuVCbKSieR9uQCj9w+zLHoPh+ce19bBYyqF53g6mnPB8sAtIbe1s9dh2S2fCmYX2xel1Ln3PJBbK4kw==",
      "license": "MIT",
      "dependencies": {
        "svg.js": "^2.6.5"
      },
      "engines": {
        "node": ">= 0.8.0"
      }
    },
    "node_modules/ticky": {
      "version": "1.0.1",
      "resolved": "https://npm.aiursoft.cn/ticky/-/ticky-1.0.1.tgz",
      "integrity": "sha512-RX35iq/D+lrsqhcPWIazM9ELkjOe30MSeoBHQHSsRwd1YuhJO5ui1K1/R0r7N3mFvbLBs33idw+eR6j+w6i/DA==",
      "license": "MIT"
    }
  }
}
